
Microsoft Visual Studio Solution File, Format Version 12.00
# Visual Studio Version 17
VisualStudioVersion = 17.0.32630.193
MinimumVisualStudioVersion = 10.0.40219.1
Project("{9A19103F-16F7-4668-BE54-9A1E7A4F7556}") = "LSD", "LSD\LSD.csproj", "{5D97F59E-908E-4E92-B26B-071263E340FA}"
EndProject
Project("{FAE04EC0-301F-11D3-BF4B-00C04F79EFBC}") = "LSD.Test", "LSD.Test\LSD.Test.csproj", "{1EC350C3-8265-4397-B08C-A36748520D19}"
EndProject
Global
	GlobalSection(SolutionConfigurationPlatforms) = preSolution
		Debug|Any CPU = Debug|Any CPU
		Release|Any CPU = Release|Any CPU
	EndGlobalSection
	GlobalSection(ProjectConfigurationPlatforms) = postSolution
		{5D97F59E-908E-4E92-B26B-071263E340FA}.Debug|Any CPU.ActiveCfg = Debug|Any CPU
		{5D97F59E-908E-4E92-B26B-071263E340FA}.Debug|Any CPU.Build.0 = Debug|Any CPU
		{5D97F59E-908E-4E92-B26B-071263E340FA}.Release|Any CPU.ActiveCfg = Release|Any CPU
		{5D97F59E-908E-4E92-B26B-071263E340FA}.Release|Any CPU.Build.0 = Release|Any CPU
		{1EC350C3-8265-4397-B08C-A36748520D19}.Debug|Any CPU.ActiveCfg = Debug|Any CPU
		{1EC350C3-8265-4397-B08C-A36748520D19}.Debug|Any CPU.Build.0 = Debug|Any CPU
		{1EC350C3-8265-4397-B08C-A36748520D19}.Release|Any CPU.ActiveCfg = Release|Any CPU
		{1EC350C3-8265-4397-B08C-A36748520D19}.Release|Any CPU.Build.0 = Release|Any CPU
	EndGlobalSection
	GlobalSection(SolutionProperties) = preSolution
		HideSolutionNode = FALSE
	EndGlobalSection
	GlobalSection(ExtensibilityGlobals) = postSolution
		SolutionGuid = {F1A93115-D93D-43A3-9728-8D4587A5B82B}
	EndGlobalSection
EndGlobal
